github.com/mattn/go-sqlite3 v1.14.16 h1:yOQRA0RpS5PFz/oikGwBEqvAWhWg5ufRz4ETLjwpU1Y=
github.com/mattn/go-sqlite3 v1.14.16/go.mod h1:2eHXhiwb8IkHr+BDWZGa96P6+rkvnG63S2DGjv9HUNg=
github.com/mattrobenolt/go-memcached v0.0.0-20130819063329-ed41d12c2de1 h1:hPElqRUj4DfJo38wAs12SUeYbOv0KWG/xNMD4OUIAW4=
github.com/mattrobenolt/go-memcached v0.0.0-20130819063329-ed41d12c2de1/go.mod h1:1Bf2GvWpB+bV/YKbY1/iE6Liv9QlO3CQSZJsyMxnuU4=
github.com/mitchellh/go-homedir v1.1.0 h1:lukF9ziXFxDFPkA1vsr5zpc1XuPDn/wFntq5mG+4E0Y=
github.com/mitchellh/go-homedir v1.1.0/go.mod h1:SfyaCUpYCn1Vlf4IUYiD9fPX4A5wJrkLzIz1N1q0pr0=
github.com/mithrandie/csvq v1.18.1 h1:f7NB2scbb7xx2ffPduJ2VtZ85RpWXfvanYskAkGlCBU=
github.com/mithrandie/csvq v1.18.1/go.mod h1:MRJj7AtcXfk7jhNGxLuJGP3LORmh4lpiPWxQ7VyCRn8=
github.com/mithrandie/csvq-driver v1.7.0 h1:ejiavXNWwTPMyr3fJFnhcqd1L1cYudA0foQy9cZrqhw=
github.com/mithrandie/csvq-driver v1.7.0/go.mod h1:HcN3xL9UCJnBYA/AIQOOB/KlyfXAiYr5yxDmiwrGk5o=
github.com/mithrandie/go-file/v2 v2.1.0 h1:XA5Tl+73GXMDvgwSE3Sg0uC5FkLr3hnXs8SpUas0hyg=
github.com/mithrandie/go-file/v2 v2.1.0/go.mod h1:9YtTF3Xo59GqC1Pxw6KyGVcM/qubAMlxVsqI/u9r++c=
github.com/mithrandie/go-text v1.6.0 h1:8gOXTMPbMY8DJbKMTv8kHhADcJlDWXqS/YQH4SyWO6s=
github.com/mithrandie/go-text v1.6.0/go.mod h1:xCgj1xiNbI/d4xA9sLVvXkjh5B2tNx2ZT2/3rpmh8to=
github.com/mithrandie/ternary v1.1.1 h1:k/joD6UGVYxHixYmSR8EGgDFNONBMqyD373xT4QRdC4=
github.com/mithrandie/ternary v1.1.1/go.mod h1:0D9Ba3+09K2TdSZO7/bFCC0GjSXetCvYuYq0u8FY/1g=
github.com/pyroscope-io/client v0.7.0 h1:LWuuqPQ1oa6x7BnmUOuo/aGwdX85QGhWZUBYWWW3zdk=
github.com/pyroscope-io/client v0.7.0/go.mod h1:4h21iOU4pUOq0prKyDlvYRL+SCKsBc5wKiEtV+rJGqU=
github.com/pyroscope-io/godeltaprof v0.1.1 h1:+Mmi+b9gR3s/qufuQSxOBjyXZR1fmvS/C12Q73PIPvw=
github.com/pyroscope-io/godeltaprof v0.1.1/go.mod h1:psMITXp90+8pFenXkKIpNhrfmI9saQnPbba27VIaiQE=
golang.org/x/crypto v0.8.0 h1:pd9TJtTueMTVQXzk8E2XESSMQDj/U7OUu0PqJqPXQjQ=
golang.org/x/crypto v0.8.0/go.mod h1:mRqEX+O9/h5TFCrQhkgjo2yKi0yYA+9ecGkdQoHrywE=
golang.org/x/sys v0.7.0 h1:3jlCCIQZPdOYu1h8BkNvLz8Kgwtae2cagcG/VamtZRU=
golang.org/x/sys v0.7.0/go.mod h1:oPkhp1MJrh7nUepCBck5+mAzfO9JrbApNNgaTdGDITg=
golang.org/x/term v0.7.0 h1:BEvjmm5fURWqcfbSKTdpkDXYBrUS1c0m8agp14W48vQ=
golang.org/x/term v0.7.0/go.mod h1:P32HKFT3hSsZrRxla30E9HqToFYAQPCMs/zFMBUFqPY=
golang.org/x/text v0.9.0 h1:2sjJmO8cDvYveuX97RDLsxlyUxLl+GHoLxBiRdHllBE=
golang.org/x/text v0.9.0/go.mod h1:e1OnstbJyHTd6l/uOt8jFFHp6TRDWZR/bV3emEE/zU8=
gopkg.in/check.v1 v0.0.0-20161208181325-20d25e280405 h1:yhCVgyC4o1eVCa2tZl7eS0r+SDo693bJlVdllGtEeKM=
gopkg.in/check.v1 v0.0.0-20161208181325-20d25e280405/go.mod h1:Co6ibVJAznAaIkqp8huTwlJQCZ016jof/cbN4VW5Yz0=
gopkg.in/yaml.v3 v3.0.1 h1:fxVm/GzAzEWqLHuvctI91KS9hhNmmWOoWu0XTYJS7CA=
gopkg.in/yaml.v3 v3.0.1/go.mod h1:K4uyk7z7BCEPqu6E+C64Yfv1cQ7kz7rIZviUmN+EgEM=
